// !$*UTF8*$!
{
	archiveVersion = 1;
	classes = {
	};
	objectVersion = 46;
	objects = {

/* Begin PBXBuildFile section */
		3A1DB8A5199A6505000D80BE /* main.swift in Sources */ = {isa = PBXBuildFile; fileRef = 3A1DB8A4199A6505000D80BE /* main.swift */; };
		3A1DB8A7199A6505000D80BE /* ViewController.swift in Sources */ = {isa = PBXBuildFile; fileRef = 3A1DB8A6199A6505000D80BE /* ViewController.swift */; };
		3A1DB8A9199A6505000D80BE /* AppDelegate.swift in Sources */ = {isa = PBXBuildFile; fileRef = 3A1DB8A8199A6505000D80BE /* AppDelegate.swift */; };
		3A1DB8AB199A6505000D80BE /* Images.xcassets in Resources */ = {isa = PBXBuildFile; fileRef = 3A1DB8AA199A6505000D80BE /* Images.xcassets */; };
		3A1DB8AE199A6505000D80BE /* Main.storyboard in Resources */ = {isa = PBXBuildFile; fileRef = 3A1DB8AC199A6505000D80BE /* Main.storyboard */; };
		3A1DB8BA199A6505000D80BE /* PyBookTests.swift in Sources */ = {isa = PBXBuildFile; fileRef = 3A1DB8B9199A6505000D80BE /* PyBookTests.swift */; };
/* End PBXBuildFile section */

/* Begin PBXContainerItemProxy section */
		3A1DB8B4199A6505000D80BE /* PBXContainerItemProxy */ = {
			isa = PBXContainerItemProxy;
			containerPortal = 3A1DB897199A6505000D80BE /* Project object */;
			proxyType = 1;
			remoteGlobalIDString = 3A1DB89E199A6505000D80BE;
			remoteInfo = PyBook;
		};
/* End PBXContainerItemProxy section */

/* Begin PBXFileReference section */
		3A1DB89F199A6505000D80BE /* PyBook.app */ = {isa = PBXFileReference; explicitFileType = wrapper.application; includeInIndex = 0; path = PyBook.app; sourceTree = BUILT_PRODUCTS_DIR; };
		3A1DB8A3199A6505000D80BE /* Info.plist */ = {isa = PBXFileReference; lastKnownFileType = text.plist.xml; path = Info.plist; sourceTree = "<group>"; };
		3A1DB8A4199A6505000D80BE /* main.swift */ = {isa = PBXFileReference; lastKnownFileType = sourcecode.swift; path = main.swift; sourceTree = "<group>"; };
		3A1DB8A6199A6505000D80BE /* ViewController.swift */ = {isa = PBXFileReference; lastKnownFileType = sourcecode.swift; path = ViewController.swift; sourceTree = "<group>"; };
		3A1DB8A8199A6505000D80BE /* AppDelegate.swift */ = {isa = PBXFileReference; lastKnownFileType = sourcecode.swift; path = AppDelegate.swift; sourceTree = "<group>"; };
		3A1DB8AA199A6505000D80BE /* Images.xcassets */ = {isa = PBXFileReference; lastKnownFileType = folder.assetcatalog; path = Images.xcassets; sourceTree = "<group>"; };
		3A1DB8AD199A6505000D80BE /* Base */ = {isa = PBXFileReference; lastKnownFileType = file.storyboard; name = Base; path = Base.lproj/Main.storyboard; sourceTree = "<group>"; };
		3A1DB8B3199A6505000D80BE /* PyBookTests.xctest */ = {isa = PBXFileReference; explicitFileType = wrapper.cfbundle; includeInIndex = 0; path = PyBookTests.xctest; sourceTree = BUILT_PRODUCTS_DIR; };
		3A1DB8B8199A6505000D80BE /* Info.plist */ = {isa = PBXFileReference; lastKnownFileType = text.plist.xml; path = Info.plist; sourceTree = "<group>"; };
		3A1DB8B9199A6505000D80BE /* PyBookTests.swift */ = {isa = PBXFileReference; lastKnownFileType = sourcecode.swift; path = PyBookTests.swift; sourceTree = "<group>"; };
/* End PBXFileReference section */

/* Begin PBXFrameworksBuildPhase section */
		3A1DB89C199A6505000D80BE /* Frameworks */ = {
			isa = PBXFrameworksBuildPhase;
			buildActionMask = 2147483647;
			files = (
			);
			runOnlyForDeploymentPostprocessing = 0;
		};
		3A1DB8B0199A6505000D80BE /* Frameworks */ = {
			isa = PBXFrameworksBuildPhase;
			buildActionMask = 2147483647;
			files = (
			);
			runOnlyForDeploymentPostprocessing = 0;
		};
/* End PBXFrameworksBuildPhase section */

/* Begin PBXGroup section */
		3A1DB896199A6505000D80BE = {
			isa = PBXGroup;
			children = (
				3A1DB8A1199A6505000D80BE /* PyBook */,
				3A1DB8B6199A6505000D80BE /* PyBookTests */,
				3A1DB8A0199A6505000D80BE /* Products */,
			);
			sourceTree = "<group>";
		};
		3A1DB8A0199A6505000D80BE /* Products */ = {
			isa = PBXGroup;
			children = (
				3A1DB89F199A6505000D80BE /* PyBook.app */,
				3A1DB8B3199A6505000D80BE /* PyBookTests.xctest */,
			);
			name = Products;
			sourceTree = "<group>";
		};
		3A1DB8A1199A6505000D80BE /* PyBook */ = {
			isa = PBXGroup;
			children = (
				3A1DB8A6199A6505000D80BE /* ViewController.swift */,
				3A1DB8A8199A6505000D80BE /* AppDelegate.swift */,
				3A1DB8AA199A6505000D80BE /* Images.xcassets */,
				3A1DB8AC199A6505000D80BE /* Main.storyboard */,
				3A1DB8A2199A6505000D80BE /* Supporting Files */,
			);
			path = PyBook;
			sourceTree = "<group>";
		};
		3A1DB8A2199A6505000D80BE /* Supporting Files */ = {
			isa = PBXGroup;
			children = (
				3A1DB8A3199A6505000D80BE /* Info.plist */,
				3A1DB8A4199A6505000D80BE /* main.swift */,
			);
			name = "Supporting Files";
			sourceTree = "<group>";
		};
		3A1DB8B6199A6505000D80BE /* PyBookTests */ = {
			isa = PBXGroup;
			children = (
				3A1DB8B9199A6505000D80BE /* PyBookTests.swift */,
				3A1DB8B7199A6505000D80BE /* Supporting Files */,
			);
			path = PyBookTests;
			sourceTree = "<group>";
		};
		3A1DB8B7199A6505000D80BE /* Supporting Files */ = {
			isa = PBXGroup;
			children = (
				3A1DB8B8199A6505000D80BE /* Info.plist */,
			);
			name = "Supporting Files";
			sourceTree = "<group>";
		};
/* End PBXGroup section */

/* Begin PBXNativeTarget section */
		3A1DB89E199A6505000D80BE /* PyBook */ = {
			isa = PBXNativeTarget;
			buildConfigurationList = 3A1DB8BD199A6505000D80BE /* Build configuration list for PBXNativeTarget "PyBook" */;
			buildPhases = (
				3A1DB89B199A6505000D80BE /* Sources */,
				3A1DB89C199A6505000D80BE /* Frameworks */,
				3A1DB89D199A6505000D80BE /* Resources */,
			);
			buildRules = (
			);
			dependencies = (
			);
			name = PyBook;
			productName = PyBook;
			productReference = 3A1DB89F199A6505000D80BE /* PyBook.app */;
			productType = "com.apple.product-type.application";
		};
		3A1DB8B2199A6505000D80BE /* PyBookTests */ = {
			isa = PBXNativeTarget;
			buildConfigurationList = 3A1DB8C0199A6505000D80BE /* Build configuration list for PBXNativeTarget "PyBookTests" */;
			buildPhases = (
				3A1DB8AF199A6505000D80BE /* Sources */,
				3A1DB8B0199A6505000D80BE /* Frameworks */,
				3A1DB8B1199A6505000D80BE /* Resources */,
			);
			buildRules = (
			);
			dependencies = (
				3A1DB8B5199A6505000D80BE /* PBXTargetDependency */,
			);
			name = PyBookTests;
			productName = PyBookTests;
			productReference = 3A1DB8B3199A6505000D80BE /* PyBookTests.xctest */;
			productType = "com.apple.product-type.bundle.unit-test";
		};
/* End PBXNativeTarget section */

/* Begin PBXProject section */
		3A1DB897199A6505000D80BE /* Project object */ = {
			isa = PBXProject;
			attributes = {
				LastUpgradeCheck = 0600;
				ORGANIZATIONNAME = "Paulo Pinto";
				TargetAttributes = {
					3A1DB89E199A6505000D80BE = {
						CreatedOnToolsVersion = 6.0;
					};
					3A1DB8B2199A6505000D80BE = {
						CreatedOnToolsVersion = 6.0;
						TestTargetID = 3A1DB89E199A6505000D80BE;
					};
				};
			};
			buildConfigurationList = 3A1DB89A199A6505000D80BE /* Build configuration list for PBXProject "PyBook" */;
			compatibilityVersion = "Xcode 3.2";
			developmentRegion = English;
			hasScannedForEncodings = 0;
			knownRegions = (
				en,
				Base,
			);
			mainGroup = 3A1DB896199A6505000D80BE;
			productRefGroup = 3A1DB8A0199A6505000D80BE /* Products */;
			projectDirPath = "";
			projectRoot = "";
			targets = (
				3A1DB89E199A6505000D80BE /* PyBook */,
				3A1DB8B2199A6505000D80BE /* PyBookTests */,
			);
		};
/* End PBXProject section */

/* Begin PBXResourcesBuildPhase section */
		3A1DB89D199A6505000D80BE /* Resources */ = {
			isa = PBXResourcesBuildPhase;
			buildActionMask = 2147483647;
			files = (
				3A1DB8AB199A6505000D80BE /* Images.xcassets in Resources */,
				3A1DB8AE199A6505000D80BE /* Main.storyboard in Resources */,
			);
			runOnlyForDeploymentPostprocessing = 0;
		};
		3A1DB8B1199A6505000D80BE /* Resources */ = {
			isa = PBXResourcesBuildPhase;
			buildActionMask = 2147483647;
			files = (
			);
			runOnlyForDeploymentPostprocessing = 0;
		};
/* End PBXResourcesBuildPhase section */

/* Begin PBXSourcesBuildPhase section */
		3A1DB89B199A6505000D80BE /* Sources */ = {
			isa = PBXSourcesBuildPhase;
			buildActionMask = 2147483647;
			files = (
				3A1DB8A9199A6505000D80BE /* AppDelegate.swift in Sources */,
				3A1DB8A7199A6505000D80BE /* ViewController.swift in Sources */,
				3A1DB8A5199A6505000D80BE /* main.swift in Sources */,
			);
			runOnlyForDeploymentPostprocessing = 0;
		};
		3A1DB8AF199A6505000D80BE /* Sources */ = {
			isa = PBXSourcesBuildPhase;
			buildActionMask = 2147483647;
			files = (
				3A1DB8BA199A6505000D80BE /* PyBookTests.swift in Sources */,
			);
			runOnlyForDeploymentPostprocessing = 0;
		};
/* End PBXSourcesBuildPhase section */

/* Begin PBXTargetDependency section */
		3A1DB8B5199A6505000D80BE /* PBXTargetDependency */ = {
			isa = PBXTargetDependency;
			target = 3A1DB89E199A6505000D80BE /* PyBook */;
			targetProxy = 3A1DB8B4199A6505000D80BE /* PBXContainerItemProxy */;
		};
/* End PBXTargetDependency section */

/* Begin PBXVariantGroup section */
		3A1DB8AC199A6505000D80BE /* Main.storyboard */ = {
			isa = PBXVariantGroup;
			children = (
				3A1DB8AD199A6505000D80BE /* Base */,
			);
			name = Main.storyboard;
			sourceTree = "<group>";
		};
/* End PBXVariantGroup section */

/* Begin XCBuildConfiguration section */
		3A1DB8BB199A6505000D80BE /* Debug */ = {
			isa = XCBuildConfiguration;
			buildSettings = {
				ALWAYS_SEARCH_USER_PATHS = NO;
				CLANG_CXX_LANGUAGE_STANDARD = "gnu++0x";
				CLANG_CXX_LIBRARY = "libc++";
				CLANG_ENABLE_MODULES = YES;
				CLANG_ENABLE_OBJC_ARC = YES;
				CLANG_WARN_BOOL_CONVERSION = YES;
				CLANG_WARN_CONSTANT_CONVERSION = YES;
				CLANG_WARN_DIRECT_OBJC_ISA_USAGE = YES_ERROR;
				CLANG_WARN_EMPTY_BODY = YES;
				CLANG_WARN_ENUM_CONVERSION = YES;
				CLANG_WARN_INT_CONVERSION = YES;
				CLANG_WARN_OBJC_ROOT_CLASS = YES_ERROR;
				CLANG_WARN_UNREACHABLE_CODE = YES;
				CLANG_WARN__DUPLICATE_METHOD_MATCH = YES;
				CODE_SIGN_IDENTITY = "-";
				COPY_PHASE_STRIP = NO;
				ENABLE_STRICT_OBJC_MSGSEND = YES;
				GCC_C_LANGUAGE_STANDARD = gnu99;
				GCC_DYNAMIC_NO_PIC = NO;
				GCC_OPTIMIZATION_LEVEL = 0;
				GCC_PREPROCESSOR_DEFINITIONS = (
					"DEBUG=1",
					"$(inherited)",
				);
				GCC_SYMBOLS_PRIVATE_EXTERN = NO;
				GCC_WARN_64_TO_32_BIT_CONVERSION = YES;
				GCC_WARN_ABOUT_RETURN_TYPE = YES_ERROR;
				GCC_WARN_UNDECLARED_SELECTOR = YES;
				GCC_WARN_UNINITIALIZED_AUTOS = YES_AGGRESSIVE;
				GCC_WARN_UNUSED_FUNCTION = YES;
				GCC_WARN_UNUSED_VARIABLE = YES;
				MACOSX_DEPLOYMENT_TARGET = 10.10;
				MTL_ENABLE_DEBUG_INFO = YES;
				ONLY_ACTIVE_ARCH = YES;
				SDKROOT = macosx;
				SWIFT_OPTIMIZATION_LEVEL = "-Onone";
			};
			name = Debug;
		};
		3A1DB8BC199A6505000D80BE /* Release */ = {
			isa = XCBuildConfiguration;
			buildSettings = {
				ALWAYS_SEARCH_USER_PATHS = NO;
				CLANG_CXX_LANGUAGE_STANDARD = "gnu++0x";
				CLANG_CXX_LIBRARY = "libc++";
				CLANG_ENABLE_MODULES = YES;
				CLANG_ENABLE_OBJC_ARC = YES;
				CLANG_WARN_BOOL_CONVERSION = YES;
				CLANG_WARN_CONSTANT_CONVERSION = YES;
				CLANG_WARN_DIRECT_OBJC_ISA_USAGE = YES_ERROR;
				CLANG_WARN_EMPTY_BODY = YES;
				CLANG_WARN_ENUM_CONVERSION = YES;
				CLANG_WARN_INT_CONVERSION = YES;
				CLANG_WARN_OBJC_ROOT_CLASS = YES_ERROR;
				CLANG_WARN_UNREACHABLE_CODE = YES;
				CLANG_WARN__DUPLICATE_METHOD_MATCH = YES;
				CODE_SIGN_IDENTITY = "-";
				COPY_PHASE_STRIP = YES;
				DEBUG_INFORMATION_FORMAT = "dwarf-with-dsym";
				ENABLE_NS_ASSERTIONS = NO;
				ENABLE_STRICT_OBJC_MSGSEND = YES;
				GCC_C_LANGUAGE_STANDARD = gnu99;
				GCC_WARN_64_TO_32_BIT_CONVERSION = YES;
				GCC_WARN_ABOUT_RETURN_TYPE = YES_ERROR;
				GCC_WARN_UNDECLARED_SELECTOR = YES;
				GCC_WARN_UNINITIALIZED_AUTOS = YES_AGGRESSIVE;
				GCC_WARN_UNUSED_FUNCTION = YES;
				GCC_WARN_UNUSED_VARIABLE = YES;
				MACOSX_DEPLOYMENT_TARGET = 10.10;
				MTL_ENABLE_DEBUG_INFO = NO;
				SDKROOT = macosx;
			};
			name = Release;
		};
		3A1DB8BE199A6505000D80BE /* Debug */ = {
			isa = XCBuildConfiguration;
			buildSettings = {
				ASSETCATALOG_COMPILER_APPICON_NAME = AppIcon;
				COMBINE_HIDPI_IMAGES = YES;
				INFOPLIST_FILE = PyBook/Info.plist;
				LD_RUNPATH_SEARCH_PATHS = "$(inherited) @executable_path/../Frameworks";
				PRODUCT_NAME = "$(TARGET_NAME)";
			};
			name = Debug;
		};
		3A1DB8BF199A6505000D80BE /* Release */ = {
			isa = XCBuildConfiguration;
			buildSettings = {
				ASSETCATALOG_COMPILER_APPICON_NAME = AppIcon;
				COMBINE_HIDPI_IMAGES = YES;
				INFOPLIST_FILE = PyBook/Info.plist;
				LD_RUNPATH_SEARCH_PATHS = "$(inherited) @executable_path/../Frameworks";
				PRODUCT_NAME = "$(TARGET_NAME)";
			};
			name = Release;
		};
		3A1DB8C1199A6505000D80BE /* Debug */ = {
			isa = XCBuildConfiguration;
			buildSettings = {
				BUNDLE_LOADER = "$(TEST_HOST)";
				COMBINE_HIDPI_IMAGES = YES;
				FRAMEWORK_SEARCH_PATHS = (
					"$(DEVELOPER_FRAMEWORKS_DIR)",
					"$(inherited)",
				);
				GCC_PREPROCESSOR_DEFINITIONS = (
					"DEBUG=1",
					"$(inherited)",
				);
				INFOPLIST_FILE = PyBookTests/Info.plist;
				LD_RUNPATH_SEARCH_PATHS = "$(inherited) @executable_path/../Frameworks @loader_path/../Frameworks";
				PRODUCT_NAME = "$(TARGET_NAME)";
				TEST_HOST = "$(BUILT_PRODUCTS_DIR)/PyBook.app/Contents/MacOS/PyBook";
			};
			name = Debug;
		};
		3A1DB8C2199A6505000D80BE /* Release */ = {
			isa = XCBuildConfiguration;
			buildSettings = {
				BUNDLE_LOADER = "$(TEST_HOST)";
				COMBINE_HIDPI_IMAGES = YES;
				FRAMEWORK_SEARCH_PATHS = (
					"$(DEVELOPER_FRAMEWORKS_DIR)",
					"$(inherited)",
				);
				INFOPLIST_FILE = PyBookTests/Info.plist;
				LD_RUNPATH_SEARCH_PATHS = "$(inherited) @executable_path/../Frameworks @loader_path/../Frameworks";
				PRODUCT_NAME = "$(TARGET_NAME)";
				TEST_HOST = "$(BUILT_PRODUCTS_DIR)/PyBook.app/Contents/MacOS/PyBook";
			};
			name = Release;
		};
/* End XCBuildConfiguration section */

/* Begin XCConfigurationList section */
		3A1DB89A199A6505000D80BE /* Build configuration list for PBXProject "PyBook" */ = {
			isa = XCConfigurationList;
			buildConfigurations = (
				3A1DB8BB199A6505000D80BE /* Debug */,
				3A1DB8BC199A6505000D80BE /* Release */,
			);
			defaultConfigurationIsVisible = 0;
			defaultConfigurationName = Release;
		};
		3A1DB8BD199A6505000D80BE /* Build configuration list for PBXNativeTarget "PyBook" */ = {
			isa = XCConfigurationList;
			buildConfigurations = (
				3A1DB8BE199A6505000D80BE /* Debug */,
				3A1DB8BF199A6505000D80BE /* Release */,
			);
			defaultConfigurationIsVisible = 0;
		};
		3A1DB8C0199A6505000D80BE /* Build configuration list for PBXNativeTarget "PyBookTests" */ = {
			isa = XCConfigurationList;
			buildConfigurations = (
				3A1DB8C1199A6505000D80BE /* Debug */,
				3A1DB8C2199A6505000D80BE /* Release */,
			);
			defaultConfigurationIsVisible = 0;
		};
/* End XCConfigurationList section */
	};
	rootObject = 3A1DB897199A6505000D80BE /* Project object */;
}
